# This file is @generated by PDM.
# It is not intended for manual editing.

[metadata]
groups = ["default", "dev", "test"]
strategy = ["cross_platform", "inherit_metadata"]
lock_version = "4.4.1"
content_hash = "sha256:abbbb93d7c4fc3930148ab8718d6bec97eb47d44916ed791ced521dc33204f47"

[[package]]
name = "colorama"
version = "0.4.6"
requires_python = "!=3.0.*,!=3.1.*,!=3.2.*,!=3.3.*,!=3.4.*,!=3.5.*,!=3.6.*,>=2.7"
summary = "Cross-platform colored terminal text."
groups = ["test"]
marker = "sys_platform == \"win32\""
files = [
    {file = "colorama-0.4.6-py2.py3-none-any.whl", hash = "sha256:4f1d9991f5acc0ca119f9d443620b77f9d6b33703e51011c16baf57afb285fc6"},
    {file = "colorama-0.4.6.tar.gz", hash = "sha256:08695f5cb7ed6e0531a20572697297273c47b8cae5a63ffc6d6ed5c201be6e44"},
]

[[package]]
name = "coverage"
version = "7.3.3"
requires_python = ">=3.8"
summary = "Code coverage measurement for Python"
groups = ["test"]
files = [
    {file = "coverage-7.3.3-cp312-cp312-macosx_10_9_x86_64.whl", hash = "sha256:a2ac4245f18057dfec3b0074c4eb366953bca6787f1ec397c004c78176a23d56"},
    {file = "coverage-7.3.3-cp312-cp312-macosx_11_0_arm64.whl", hash = "sha256:f9191be7af41f0b54324ded600e8ddbcabea23e1e8ba419d9a53b241dece821d"},
    {file = "coverage-7.3.3-cp312-cp312-manylinux_2_17_aarch64.manylinux2014_aarch64.whl", hash = "sha256:31c0b1b8b5a4aebf8fcd227237fc4263aa7fa0ddcd4d288d42f50eff18b0bac4"},
    {file = "coverage-7.3.3-cp312-cp312-manylinux_2_5_i686.manylinux1_i686.manylinux_2_17_i686.manylinux2014_i686.whl", hash = "sha256:ee453085279df1bac0996bc97004771a4a052b1f1e23f6101213e3796ff3cb85"},
    {file = "coverage-7.3.3-cp312-cp312-manylinux_2_5_x86_64.manylinux1_x86_64.manylinux_2_17_x86_64.manylinux2014_x86_64.whl", hash = "sha256:1191270b06ecd68b1d00897b2daddb98e1719f63750969614ceb3438228c088e"},
    {file = "coverage-7.3.3-cp312-cp312-musllinux_1_1_aarch64.whl", hash = "sha256:007a7e49831cfe387473e92e9ff07377f6121120669ddc39674e7244350a6a29"},
    {file = "coverage-7.3.3-cp312-cp312-musllinux_1_1_i686.whl", hash = "sha256:af75cf83c2d57717a8493ed2246d34b1f3398cb8a92b10fd7a1858cad8e78f59"},
    {file = "coverage-7.3.3-cp312-cp312-musllinux_1_1_x86_64.whl", hash = "sha256:811ca7373da32f1ccee2927dc27dc523462fd30674a80102f86c6753d6681bc6"},
    {file = "coverage-7.3.3-cp312-cp312-win32.whl", hash = "sha256:733537a182b5d62184f2a72796eb6901299898231a8e4f84c858c68684b25a70"},
    {file = "coverage-7.3.3-cp312-cp312-win_amd64.whl", hash = "sha256:e995efb191f04b01ced307dbd7407ebf6e6dc209b528d75583277b10fd1800ee"},
    {file = "coverage-7.3.3-pp38.pp39.pp310-none-any.whl", hash = "sha256:d299d379b676812e142fb57662a8d0d810b859421412b4d7af996154c00c31bb"},
    {file = "coverage-7.3.3.tar.gz", hash = "sha256:df04c64e58df96b4427db8d0559e95e2df3138c9916c96f9f6a4dd220db2fdb7"},
]

[[package]]
name = "coverage"
version = "7.3.3"
extras = ["toml"]
requires_python = ">=3.8"
summary = "Code coverage measurement for Python"
groups = ["test"]
dependencies = [
    "coverage==7.3.3",
]
files = [
    {file = "coverage-7.3.3-cp312-cp312-macosx_10_9_x86_64.whl", hash = "sha256:a2ac4245f18057dfec3b0074c4eb366953bca6787f1ec397c004c78176a23d56"},
    {file = "coverage-7.3.3-cp312-cp312-macosx_11_0_arm64.whl", hash = "sha256:f9191be7af41f0b54324ded600e8ddbcabea23e1e8ba419d9a53b241dece821d"},
    {file = "coverage-7.3.3-cp312-cp312-manylinux_2_17_aarch64.manylinux2014_aarch64.whl", hash = "sha256:31c0b1b8b5a4aebf8fcd227237fc4263aa7fa0ddcd4d288d42f50eff18b0bac4"},
    {file = "coverage-7.3.3-cp312-cp312-manylinux_2_5_i686.manylinux1_i686.manylinux_2_17_i686.manylinux2014_i686.whl", hash = "sha256:ee453085279df1bac0996bc97004771a4a052b1f1e23f6101213e3796ff3cb85"},
    {file = "coverage-7.3.3-cp312-cp312-manylinux_2_5_x86_64.manylinux1_x86_64.manylinux_2_17_x86_64.manylinux2014_x86_64.whl", hash = "sha256:1191270b06ecd68b1d00897b2daddb98e1719f63750969614ceb3438228c088e"},
    {file = "coverage-7.3.3-cp312-cp312-musllinux_1_1_aarch64.whl", hash = "sha256:007a7e49831cfe387473e92e9ff07377f6121120669ddc39674e7244350a6a29"},
    {file = "coverage-7.3.3-cp312-cp312-musllinux_1_1_i686.whl", hash = "sha256:af75cf83c2d57717a8493ed2246d34b1f3398cb8a92b10fd7a1858cad8e78f59"},
    {file = "coverage-7.3.3-cp312-cp312-musllinux_1_1_x86_64.whl", hash = "sha256:811ca7373da32f1ccee2927dc27dc523462fd30674a80102f86c6753d6681bc6"},
    {file = "coverage-7.3.3-cp312-cp312-win32.whl", hash = "sha256:733537a182b5d62184f2a72796eb6901299898231a8e4f84c858c68684b25a70"},
    {file = "coverage-7.3.3-cp312-cp312-win_amd64.whl", hash = "sha256:e995efb191f04b01ced307dbd7407ebf6e6dc209b528d75583277b10fd1800ee"},
    {file = "coverage-7.3.3-pp38.pp39.pp310-none-any.whl", hash = "sha256:d299d379b676812e142fb57662a8d0d810b859421412b4d7af996154c00c31bb"},
    {file = "coverage-7.3.3.tar.gz", hash = "sha256:df04c64e58df96b4427db8d0559e95e2df3138c9916c96f9f6a4dd220db2fdb7"},
]

[[package]]
name = "iniconfig"
version = "2.0.0"
requires_python = ">=3.7"
summary = "brain-dead simple config-ini parsing"
groups = ["test"]
files = [
    {file = "iniconfig-2.0.0-py3-none-any.whl", hash = "sha256:b6a85871a79d2e3b22d2d1b94ac2824226a63c6b741c88f7ae975f18b6778374"},
    {file = "iniconfig-2.0.0.tar.gz", hash = "sha256:2d91e135bf72d31a410b17c16da610a82cb55f6b0477d1a902134b24a455b8b3"},
]

[[package]]
name = "packaging"
version = "23.2"
requires_python = ">=3.7"
summary = "Core utilities for Python packages"
groups = ["test"]
files = [
    {file = "packaging-23.2-py3-none-any.whl", hash = "sha256:8c491190033a9af7e1d931d0b5dacc2ef47509b34dd0de67ed209b5203fc88c7"},
    {file = "packaging-23.2.tar.gz", hash = "sha256:048fb0e9405036518eaaf48a55953c750c11e1a1b68e0dd1a9d62ed0c092cfc5"},
]

[[package]]
name = "pluggy"
version = "1.3.0"
requires_python = ">=3.8"
summary = "plugin and hook calling mechanisms for python"
groups = ["test"]
files = [
    {file = "pluggy-1.3.0-py3-none-any.whl", hash = "sha256:d89c696a773f8bd377d18e5ecda92b7a3793cbe66c87060a6fb58c7b6e1061f7"},
    {file = "pluggy-1.3.0.tar.gz", hash = "sha256:cf61ae8f126ac6f7c451172cf30e3e43d3ca77615509771b3a984a0730651e12"},
]

[[package]]
name = "pytest"
version = "7.4.3"
requires_python = ">=3.7"
summary = "pytest: simple powerful testing with Python"
groups = ["test"]
dependencies = [
    "colorama; sys_platform == \"win32\"",
    "iniconfig",
    "packaging",
    "pluggy<2.0,>=0.12",
]
files = [
    {file = "pytest-7.4.3-py3-none-any.whl", hash = "sha256:0d009c083ea859a71b76adf7c1d502e4bc170b80a8ef002da5806527b9591fac"},
    {file = "pytest-7.4.3.tar.gz", hash = "sha256:d989d136982de4e3b29dabcc838ad581c64e8ed52c11fbe86ddebd9da0818cd5"},
]

[[package]]
name = "pytest-cov"
version = "4.1.0"
requires_python = ">=3.7"
summary = "Pytest plugin for measuring coverage."
groups = ["test"]
dependencies = [
    "coverage[toml]>=5.2.1",
    "pytest>=4.6",
]
files = [
    {file = "pytest-cov-4.1.0.tar.gz", hash = "sha256:3904b13dfbfec47f003b8e77fd5b589cd11904a21ddf1ab38a64f204d6a10ef6"},
    {file = "pytest_cov-4.1.0-py3-none-any.whl", hash = "sha256:6ba70b9e97e69fcc3fb45bfeab2d0a138fb65c4d0d6a41ef33983ad114be8c3a"},
]

[[package]]
name = "pytest-sugar"
version = "0.9.7"
summary = "pytest-sugar is a plugin for pytest that changes the default look and feel of pytest (e.g. progressbar, show tests that fail instantly)."
groups = ["test"]
dependencies = [
    "packaging>=21.3",
    "pytest>=6.2.0",
    "termcolor>=2.1.0",
]
files = [
    {file = "pytest-sugar-0.9.7.tar.gz", hash = "sha256:f1e74c1abfa55f7241cf7088032b6e378566f16b938f3f08905e2cf4494edd46"},
    {file = "pytest_sugar-0.9.7-py2.py3-none-any.whl", hash = "sha256:8cb5a4e5f8bbcd834622b0235db9e50432f4cbd71fef55b467fe44e43701e062"},
]

[[package]]
name = "ruff"
version = "0.1.10"
requires_python = ">=3.7"
summary = "An extremely fast Python linter and code formatter, written in Rust."
groups = ["dev"]
files = [
    {file = "ruff-0.1.10-py3-none-macosx_10_12_x86_64.macosx_11_0_arm64.macosx_10_12_universal2.whl", hash = "sha256:ee49ed7f7fc9daeb0e10bca3e9801efdda60bbf425f7856f2ac2f7207168d569"},
    {file = "ruff-0.1.10-py3-none-macosx_10_12_x86_64.whl", hash = "sha256:c0ccbbb363aaf4e8cbdee1f928f0fdaed0ccac2a4f2e472bb7af17f071480437"},
    {file = "ruff-0.1.10-py3-none-manylinux_2_17_aarch64.manylinux2014_aarch64.whl", hash = "sha256:71994cf0b98856f956ff9fbf32e06e642e3de91ce324504b7a5bd381e1944efa"},
    {file = "ruff-0.1.10-py3-none-manylinux_2_17_armv7l.manylinux2014_armv7l.whl", hash = "sha256:61609eacb860ae3c2fe603c85c0cbbf2f5f5da5865271441fd672cba5d995880"},
    {file = "ruff-0.1.10-py3-none-manylinux_2_17_i686.manylinux2014_i686.whl", hash = "sha256:f786571ac9d2f3db0393ee453d5d586de4ee5e911c53c7514032c45fd5e50d1d"},
    {file = "ruff-0.1.10-py3-none-manylinux_2_17_ppc64.manylinux2014_ppc64.whl", hash = "sha256:0820929df7f0a1ace749ebaedc412659f558bc31fa0f187e48a2d566535477e0"},
    {file = "ruff-0.1.10-py3-none-manylinux_2_17_ppc64le.manylinux2014_ppc64le.whl", hash = "sha256:ab13793b9c423873e72de99d985780cd9dbe91e9cf742b3c40b40c3470bcf4b7"},
    {file = "ruff-0.1.10-py3-none-manylinux_2_17_s390x.manylinux2014_s390x.whl", hash = "sha256:8d8e685efed68405cc0b07d789abd5b02a7ccbf6f1998a3a55655aeaeb0f9cf4"},
    {file = "ruff-0.1.10-py3-none-manylinux_2_17_x86_64.manylinux2014_x86_64.whl", hash = "sha256:0562f9846b8330ef99b07127b9223943d12135b143f1695659bbaa6b8ad2180c"},
    {file = "ruff-0.1.10-py3-none-musllinux_1_2_aarch64.whl", hash = "sha256:94fc0f7a95558d3306df745648d64b27807a0fc2032893a8d87d52ce3954bf0b"},
    {file = "ruff-0.1.10-py3-none-musllinux_1_2_armv7l.whl", hash = "sha256:d440ad091cd43b9b8adfb3802844b4691b5c9c3a29febfc17e7b779105ccdd91"},
    {file = "ruff-0.1.10-py3-none-musllinux_1_2_i686.whl", hash = "sha256:ccc60939eee82a698eed442f7b4d59c7f0702ee240e3d6c67c4f434c96329585"},
    {file = "ruff-0.1.10-py3-none-musllinux_1_2_x86_64.whl", hash = "sha256:97b1896b6c33f9abb8284bebc92d117a3db98cb4f939e18ae6ead1fc126f213a"},
    {file = "ruff-0.1.10-py3-none-win32.whl", hash = "sha256:7c3bdea51a4e778f37c40fec4a92a442e928b3126314617ccdc6a69dc48c8e46"},
    {file = "ruff-0.1.10-py3-none-win_amd64.whl", hash = "sha256:0db9995e8973f964ca5d2199775e81b05cc5d78b957d30866b715fc4318ff0df"},
    {file = "ruff-0.1.10-py3-none-win_arm64.whl", hash = "sha256:6671c90894e9ba2c85372557a588baa44f1abe9ffc95791c0c3071cb904dab43"},
    {file = "ruff-0.1.10.tar.gz", hash = "sha256:2d74594bbdc4abe6b523e1998183dcdea17e0d3f22082abde8074a8c9b1a94d9"},
]

[[package]]
name = "termcolor"
version = "2.4.0"
requires_python = ">=3.8"
summary = "ANSI color formatting for output in terminal"
groups = ["test"]
files = [
    {file = "termcolor-2.4.0-py3-none-any.whl", hash = "sha256:9297c0df9c99445c2412e832e882a7884038a25617c60cea2ad69488d4040d63"},
    {file = "termcolor-2.4.0.tar.gz", hash = "sha256:aab9e56047c8ac41ed798fa36d892a37aca6b3e9159f3e0c24bc64a9b3ac7b7a"},
]
